Microsoft Visual Studio Solution File, Format Version 12.00
# Visual Studio Version 17
VisualStudioVersion = 17.5.2.0
MinimumVisualStudioVersion = 10.0.40219.1
Project("{FAE04EC0-301F-11D3-BF4B-00C04F79EFBC}") = "AV1-POO", "AV1-POO.csproj", "{B96C02A9-BEF1-F2A4-2B3A-1247C24197B3}"
EndProject
Global
	GlobalSection(SolutionConfigurationPlatforms) = preSolution
		Debug|Any CPU = Debug|Any CPU
		Release|Any CPU = Release|Any CPU
	EndGlobalSection
	GlobalSection(ProjectConfigurationPlatforms) = postSolution
		{B96C02A9-BEF1-F2A4-2B3A-1247C24197B3}.Debug|Any CPU.ActiveCfg = Debug|Any CPU
		{B96C02A9-BEF1-F2A4-2B3A-1247C24197B3}.Debug|Any CPU.Build.0 = Debug|Any CPU
		{B96C02A9-BEF1-F2A4-2B3A-1247C24197B3}.Release|Any CPU.ActiveCfg = Release|Any CPU
		{B96C02A9-BEF1-F2A4-2B3A-1247C24197B3}.Release|Any CPU.Build.0 = Release|Any CPU
	EndGlobalSection
	GlobalSection(SolutionProperties) = preSolution
		HideSolutionNode = FALSE
	EndGlobalSection
	GlobalSection(ExtensibilityGlobals) = postSolution
		SolutionGuid = {9C41FEEB-84C0-44BF-9DB7-325EDDC9F8A0}
	EndGlobalSection
EndGlobal
